// !$*UTF8*$!
{
	archiveVersion = 1;
	classes = {
	};
	objectVersion = 50;
	objects = {

/* Begin PBXBuildFile section */
		4ACAFC8324B01FD800B53925 /* AppDelegate.swift in Sources */ = {isa = PBXBuildFile; fileRef = 4ACAFC8224B01FD800B53925 /* AppDelegate.swift */; };
		4ACAFC8524B01FD800B53925 /* ContentView.swift in Sources */ = {isa = PBXBuildFile; fileRef = 4ACAFC8424B01FD800B53925 /* ContentView.swift */; };
		4ACAFC8724B01FD900B53925 /* Assets.xcassets in Resources */ = {isa = PBXBuildFile; fileRef = 4ACAFC8624B01FD900B53925 /* Assets.xcassets */; };
		4ACAFC8A24B01FD900B53925 /* Preview Assets.xcassets in Resources */ = {isa = PBXBuildFile; fileRef = 4ACAFC8924B01FD900B53925 /* Preview Assets.xcassets */; };
		4ACAFC8D24B01FD900B53925 /* Main.storyboard in Resources */ = {isa = PBXBuildFile; fileRef = 4ACAFC8B24B01FD900B53925 /* Main.storyboard */; };
		4ACAFC9924B01FD900B53925 /* MacLandmarksTests.swift in Sources */ = {isa = PBXBuildFile; fileRef = 4ACAFC9824B01FD900B53925 /* MacLandmarksTests.swift */; };
		4ACAFCA424B01FD900B53925 /* MacLandmarksUITests.swift in Sources */ = {isa = PBXBuildFile; fileRef = 4ACAFCA324B01FD900B53925 /* MacLandmarksUITests.swift */; };
/* End PBXBuildFile section */

/* Begin PBXContainerItemProxy section */
		4ACAFC9524B01FD900B53925 /* PBXContainerItemProxy */ = {
			isa = PBXContainerItemProxy;
			containerPortal = 4ACAFC7724B01FD800B53925 /* Project object */;
			proxyType = 1;
			remoteGlobalIDString = 4ACAFC7E24B01FD800B53925;
			remoteInfo = MacLandmarks;
		};
		4ACAFCA024B01FD900B53925 /* PBXContainerItemProxy */ = {
			isa = PBXContainerItemProxy;
			containerPortal = 4ACAFC7724B01FD800B53925 /* Project object */;
			proxyType = 1;
			remoteGlobalIDString = 4ACAFC7E24B01FD800B53925;
			remoteInfo = MacLandmarks;
		};
/* End PBXContainerItemProxy section */

/* Begin PBXFileReference section */
		4ACAFC7F24B01FD800B53925 /* MacLandmarks.app */ = {isa = PBXFileReference; explicitFileType = wrapper.application; includeInIndex = 0; path = MacLandmarks.app; sourceTree = BUILT_PRODUCTS_DIR; };
		4ACAFC8224B01FD800B53925 /* AppDelegate.swift */ = {isa = PBXFileReference; lastKnownFileType = sourcecode.swift; path = AppDelegate.swift; sourceTree = "<group>"; };
		4ACAFC8424B01FD800B53925 /* ContentView.swift */ = {isa = PBXFileReference; lastKnownFileType = sourcecode.swift; path = ContentView.swift; sourceTree = "<group>"; };
		4ACAFC8624B01FD900B53925 /* Assets.xcassets */ = {isa = PBXFileReference; lastKnownFileType = folder.assetcatalog; path = Assets.xcassets; sourceTree = "<group>"; };
		4ACAFC8924B01FD900B53925 /* Preview Assets.xcassets */ = {isa = PBXFileReference; lastKnownFileType = folder.assetcatalog; path = "Preview Assets.xcassets"; sourceTree = "<group>"; };
		4ACAFC8C24B01FD900B53925 /* Base */ = {isa = PBXFileReference; lastKnownFileType = file.storyboard; name = Base; path = Base.lproj/Main.storyboard; sourceTree = "<group>"; };
		4ACAFC8E24B01FD900B53925 /* Info.plist */ = {isa = PBXFileReference; lastKnownFileType = text.plist.xml; path = Info.plist; sourceTree = "<group>"; };
		4ACAFC8F24B01FD900B53925 /* MacLandmarks.entitlements */ = {isa = PBXFileReference; lastKnownFileType = text.plist.entitlements; path = MacLandmarks.entitlements; sourceTree = "<group>"; };
		4ACAFC9424B01FD900B53925 /* MacLandmarksTests.xctest */ = {isa = PBXFileReference; explicitFileType = wrapper.cfbundle; includeInIndex = 0; path = MacLandmarksTests.xctest; sourceTree = BUILT_PRODUCTS_DIR; };
		4ACAFC9824B01FD900B53925 /* MacLandmarksTests.swift */ = {isa = PBXFileReference; lastKnownFileType = sourcecode.swift; path = MacLandmarksTests.swift; sourceTree = "<group>"; };
		4ACAFC9A24B01FD900B53925 /* Info.plist */ = {isa = PBXFileReference; lastKnownFileType = text.plist.xml; path = Info.plist; sourceTree = "<group>"; };
		4ACAFC9F24B01FD900B53925 /* MacLandmarksUITests.xctest */ = {isa = PBXFileReference; explicitFileType = wrapper.cfbundle; includeInIndex = 0; path = MacLandmarksUITests.xctest; sourceTree = BUILT_PRODUCTS_DIR; };
		4ACAFCA324B01FD900B53925 /* MacLandmarksUITests.swift */ = {isa = PBXFileReference; lastKnownFileType = sourcecode.swift; path = MacLandmarksUITests.swift; sourceTree = "<group>"; };
		4ACAFCA524B01FD900B53925 /* Info.plist */ = {isa = PBXFileReference; lastKnownFileType = text.plist.xml; path = Info.plist; sourceTree = "<group>"; };
/* End PBXFileReference section */

/* Begin PBXFrameworksBuildPhase section */
		4ACAFC7C24B01FD800B53925 /* Frameworks */ = {
			isa = PBXFrameworksBuildPhase;
			buildActionMask = 2147483647;
			files = (
			);
			runOnlyForDeploymentPostprocessing = 0;
		};
		4ACAFC9124B01FD900B53925 /* Frameworks */ = {
			isa = PBXFrameworksBuildPhase;
			buildActionMask = 2147483647;
			files = (
			);
			runOnlyForDeploymentPostprocessing = 0;
		};
		4ACAFC9C24B01FD900B53925 /* Frameworks */ = {
			isa = PBXFrameworksBuildPhase;
			buildActionMask = 2147483647;
			files = (
			);
			runOnlyForDeploymentPostprocessing = 0;
		};
/* End PBXFrameworksBuildPhase section */

/* Begin PBXGroup section */
		4ACAFC7624B01FD800B53925 = {
			isa = PBXGroup;
			children = (
				4ACAFC8124B01FD800B53925 /* MacLandmarks */,
				4ACAFC9724B01FD900B53925 /* MacLandmarksTests */,
				4ACAFCA224B01FD900B53925 /* MacLandmarksUITests */,
				4ACAFC8024B01FD800B53925 /* Products */,
			);
			sourceTree = "<group>";
		};
		4ACAFC8024B01FD800B53925 /* Products */ = {
			isa = PBXGroup;
			children = (
				4ACAFC7F24B01FD800B53925 /* MacLandmarks.app */,
				4ACAFC9424B01FD900B53925 /* MacLandmarksTests.xctest */,
				4ACAFC9F24B01FD900B53925 /* MacLandmarksUITests.xctest */,
			);
			name = Products;
			sourceTree = "<group>";
		};
		4ACAFC8124B01FD800B53925 /* MacLandmarks */ = {
			isa = PBXGroup;
			children = (
				4ACAFC8224B01FD800B53925 /* AppDelegate.swift */,
				4ACAFC8424B01FD800B53925 /* ContentView.swift */,
				4ACAFC8624B01FD900B53925 /* Assets.xcassets */,
				4ACAFC8B24B01FD900B53925 /* Main.storyboard */,
				4ACAFC8E24B01FD900B53925 /* Info.plist */,
				4ACAFC8F24B01FD900B53925 /* MacLandmarks.entitlements */,
				4ACAFC8824B01FD900B53925 /* Preview Content */,
			);
			path = MacLandmarks;
			sourceTree = "<group>";
		};
		4ACAFC8824B01FD900B53925 /* Preview Content */ = {
			isa = PBXGroup;
			children = (
				4ACAFC8924B01FD900B53925 /* Preview Assets.xcassets */,
			);
			path = "Preview Content";
			sourceTree = "<group>";
		};
		4ACAFC9724B01FD900B53925 /* MacLandmarksTests */ = {
			isa = PBXGroup;
			children = (
				4ACAFC9824B01FD900B53925 /* MacLandmarksTests.swift */,
				4ACAFC9A24B01FD900B53925 /* Info.plist */,
			);
			path = MacLandmarksTests;
			sourceTree = "<group>";
		};
		4ACAFCA224B01FD900B53925 /* MacLandmarksUITests */ = {
			isa = PBXGroup;
			children = (
				4ACAFCA324B01FD900B53925 /* MacLandmarksUITests.swift */,
				4ACAFCA524B01FD900B53925 /* Info.plist */,
			);
			path = MacLandmarksUITests;
			sourceTree = "<group>";
		};
/* End PBXGroup section */

/* Begin PBXNativeTarget section */
		4ACAFC7E24B01FD800B53925 /* MacLandmarks */ = {
			isa = PBXNativeTarget;
			buildConfigurationList = 4ACAFCA824B01FD900B53925 /* Build configuration list for PBXNativeTarget "MacLandmarks" */;
			buildPhases = (
				4ACAFC7B24B01FD800B53925 /* Sources */,
				4ACAFC7C24B01FD800B53925 /* Frameworks */,
				4ACAFC7D24B01FD800B53925 /* Resources */,
			);
			buildRules = (
			);
			dependencies = (
			);
			name = MacLandmarks;
			productName = MacLandmarks;
			productReference = 4ACAFC7F24B01FD800B53925 /* MacLandmarks.app */;
			productType = "com.apple.product-type.application";
		};
		4ACAFC9324B01FD900B53925 /* MacLandmarksTests */ = {
			isa = PBXNativeTarget;
			buildConfigurationList = 4ACAFCAB24B01FD900B53925 /* Build configuration list for PBXNativeTarget "MacLandmarksTests" */;
			buildPhases = (
				4ACAFC9024B01FD900B53925 /* Sources */,
				4ACAFC9124B01FD900B53925 /* Frameworks */,
				4ACAFC9224B01FD900B53925 /* Resources */,
			);
			buildRules = (
			);
			dependencies = (
				4ACAFC9624B01FD900B53925 /* PBXTargetDependency */,
			);
			name = MacLandmarksTests;
			productName = MacLandmarksTests;
			productReference = 4ACAFC9424B01FD900B53925 /* MacLandmarksTests.xctest */;
			productType = "com.apple.product-type.bundle.unit-test";
		};
		4ACAFC9E24B01FD900B53925 /* MacLandmarksUITests */ = {
			isa = PBXNativeTarget;
			buildConfigurationList = 4ACAFCAE24B01FD900B53925 /* Build configuration list for PBXNativeTarget "MacLandmarksUITests" */;
			buildPhases = (
				4ACAFC9B24B01FD900B53925 /* Sources */,
				4ACAFC9C24B01FD900B53925 /* Frameworks */,
				4ACAFC9D24B01FD900B53925 /* Resources */,
			);
			buildRules = (
			);
			dependencies = (
				4ACAFCA124B01FD900B53925 /* PBXTargetDependency */,
			);
			name = MacLandmarksUITests;
			productName = MacLandmarksUITests;
			productReference = 4ACAFC9F24B01FD900B53925 /* MacLandmarksUITests.xctest */;
			productType = "com.apple.product-type.bundle.ui-testing";
		};
/* End PBXNativeTarget section */

/* Begin PBXProject section */
		4ACAFC7724B01FD800B53925 /* Project object */ = {
			isa = PBXProject;
			attributes = {
				LastSwiftUpdateCheck = 1130;
				LastUpgradeCheck = 1130;
				ORGANIZATIONNAME = sample;
				TargetAttributes = {
					4ACAFC7E24B01FD800B53925 = {
						CreatedOnToolsVersion = 11.3;
					};
					4ACAFC9324B01FD900B53925 = {
						CreatedOnToolsVersion = 11.3;
						TestTargetID = 4ACAFC7E24B01FD800B53925;
					};
					4ACAFC9E24B01FD900B53925 = {
						CreatedOnToolsVersion = 11.3;
						TestTargetID = 4ACAFC7E24B01FD800B53925;
					};
				};
			};
			buildConfigurationList = 4ACAFC7A24B01FD800B53925 /* Build configuration list for PBXProject "MacLandmarks" */;
			compatibilityVersion = "Xcode 9.3";
			developmentRegion = en;
			hasScannedForEncodings = 0;
			knownRegions = (
				en,
				Base,
			);
			mainGroup = 4ACAFC7624B01FD800B53925;
			productRefGroup = 4ACAFC8024B01FD800B53925 /* Products */;
			projectDirPath = "";
			projectRoot = "";
			targets = (
				4ACAFC7E24B01FD800B53925 /* MacLandmarks */,
				4ACAFC9324B01FD900B53925 /* MacLandmarksTests */,
				4ACAFC9E24B01FD900B53925 /* MacLandmarksUITests */,
			);
		};
/* End PBXProject section */

/* Begin PBXResourcesBuildPhase section */
		4ACAFC7D24B01FD800B53925 /* Resources */ = {
			isa = PBXResourcesBuildPhase;
			buildActionMask = 2147483647;
			files = (
				4ACAFC8D24B01FD900B53925 /* Main.storyboard in Resources */,
				4ACAFC8A24B01FD900B53925 /* Preview Assets.xcassets in Resources */,
				4ACAFC8724B01FD900B53925 /* Assets.xcassets in Resources */,
			);
			runOnlyForDeploymentPostprocessing = 0;
		};
		4ACAFC9224B01FD900B53925 /* Resources */ = {
			isa = PBXResourcesBuildPhase;
			buildActionMask = 2147483647;
			files = (
			);
			runOnlyForDeploymentPostprocessing = 0;
		};
		4ACAFC9D24B01FD900B53925 /* Resources */ = {
			isa = PBXResourcesBuildPhase;
			buildActionMask = 2147483647;
			files = (
			);
			runOnlyForDeploymentPostprocessing = 0;
		};
/* End PBXResourcesBuildPhase section */

/* Begin PBXSourcesBuildPhase section */
		4ACAFC7B24B01FD800B53925 /* Sources */ = {
			isa = PBXSourcesBuildPhase;
			buildActionMask = 2147483647;
			files = (
				4ACAFC8524B01FD800B53925 /* ContentView.swift in Sources */,
				4ACAFC8324B01FD800B53925 /* AppDelegate.swift in Sources */,
			);
			runOnlyForDeploymentPostprocessing = 0;
		};
		4ACAFC9024B01FD900B53925 /* Sources */ = {
			isa = PBXSourcesBuildPhase;
			buildActionMask = 2147483647;
			files = (
				4ACAFC9924B01FD900B53925 /* MacLandmarksTests.swift in Sources */,
			);
			runOnlyForDeploymentPostprocessing = 0;
		};
		4ACAFC9B24B01FD900B53925 /* Sources */ = {
			isa = PBXSourcesBuildPhase;
			buildActionMask = 2147483647;
			files = (
				4ACAFCA424B01FD900B53925 /* MacLandmarksUITests.swift in Sources */,
			);
			runOnlyForDeploymentPostprocessing = 0;
		};
/* End PBXSourcesBuildPhase section */

/* Begin PBXTargetDependency section */
		4ACAFC9624B01FD900B53925 /* PBXTargetDependency */ = {
			isa = PBXTargetDependency;
			target = 4ACAFC7E24B01FD800B53925 /* MacLandmarks */;
			targetProxy = 4ACAFC9524B01FD900B53925 /* PBXContainerItemProxy */;
		};
		4ACAFCA124B01FD900B53925 /* PBXTargetDependency */ = {
			isa = PBXTargetDependency;
			target = 4ACAFC7E24B01FD800B53925 /* MacLandmarks */;
			targetProxy = 4ACAFCA024B01FD900B53925 /* PBXContainerItemProxy */;
		};
/* End PBXTargetDependency section */

/* Begin PBXVariantGroup section */
		4ACAFC8B24B01FD900B53925 /* Main.storyboard */ = {
			isa = PBXVariantGroup;
			children = (
				4ACAFC8C24B01FD900B53925 /* Base */,
			);
			name = Main.storyboard;
			sourceTree = "<group>";
		};
/* End PBXVariantGroup section */

/* Begin XCBuildConfiguration section */
		4ACAFCA624B01FD900B53925 /* Debug */ = {
			isa = XCBuildConfiguration;
			buildSettings = {
				ALWAYS_SEARCH_USER_PATHS = NO;
				CLANG_ANALYZER_NONNULL = YES;
				CLANG_ANALYZER_NUMBER_OBJECT_CONVERSION = YES_AGGRESSIVE;
				CLANG_CXX_LANGUAGE_STANDARD = "gnu++14";
				CLANG_CXX_LIBRARY = "libc++";
				CLANG_ENABLE_MODULES = YES;
				CLANG_ENABLE_OBJC_ARC = YES;
				CLANG_ENABLE_OBJC_WEAK = YES;
				CLANG_WARN_BLOCK_CAPTURE_AUTORELEASING = YES;
				CLANG_WARN_BOOL_CONVERSION = YES;
				CLANG_WARN_COMMA = YES;
				CLANG_WARN_CONSTANT_CONVERSION = YES;
				CLANG_WARN_DEPRECATED_OBJC_IMPLEMENTATIONS = YES;
				CLANG_WARN_DIRECT_OBJC_ISA_USAGE = YES_ERROR;
				CLANG_WARN_DOCUMENTATION_COMMENTS = YES;
				CLANG_WARN_EMPTY_BODY = YES;
				CLANG_WARN_ENUM_CONVERSION = YES;
				CLANG_WARN_INFINITE_RECURSION = YES;
				CLANG_WARN_INT_CONVERSION = YES;
				CLANG_WARN_NON_LITERAL_NULL_CONVERSION = YES;
				CLANG_WARN_OBJC_IMPLICIT_RETAIN_SELF = YES;
				CLANG_WARN_OBJC_LITERAL_CONVERSION = YES;
				CLANG_WARN_OBJC_ROOT_CLASS = YES_ERROR;
				CLANG_WARN_RANGE_LOOP_ANALYSIS = YES;
				CLANG_WARN_STRICT_PROTOTYPES = YES;
				CLANG_WARN_SUSPICIOUS_MOVE = YES;
				CLANG_WARN_UNGUARDED_AVAILABILITY = YES_AGGRESSIVE;
				CLANG_WARN_UNREACHABLE_CODE = YES;
				CLANG_WARN__DUPLICATE_METHOD_MATCH = YES;
				COPY_PHASE_STRIP = NO;
				DEBUG_INFORMATION_FORMAT = dwarf;
				ENABLE_STRICT_OBJC_MSGSEND = YES;
				ENABLE_TESTABILITY = YES;
				GCC_C_LANGUAGE_STANDARD = gnu11;
				GCC_DYNAMIC_NO_PIC = NO;
				GCC_NO_COMMON_BLOCKS = YES;
				GCC_OPTIMIZATION_LEVEL = 0;
				GCC_PREPROCESSOR_DEFINITIONS = (
					"DEBUG=1",
					"$(inherited)",
				);
				GCC_WARN_64_TO_32_BIT_CONVERSION = YES;
				GCC_WARN_ABOUT_RETURN_TYPE = YES_ERROR;
				GCC_WARN_UNDECLARED_SELECTOR = YES;
				GCC_WARN_UNINITIALIZED_AUTOS = YES_AGGRESSIVE;
				GCC_WARN_UNUSED_FUNCTION = YES;
				GCC_WARN_UNUSED_VARIABLE = YES;
				MACOSX_DEPLOYMENT_TARGET = 10.14;
				MTL_ENABLE_DEBUG_INFO = INCLUDE_SOURCE;
				MTL_FAST_MATH = YES;
				ONLY_ACTIVE_ARCH = YES;
				SDKROOT = macosx;
				SWIFT_ACTIVE_COMPILATION_CONDITIONS = DEBUG;
				SWIFT_OPTIMIZATION_LEVEL = "-Onone";
			};
			name = Debug;
		};
		4ACAFCA724B01FD900B53925 /* Release */ = {
			isa = XCBuildConfiguration;
			buildSettings = {
				ALWAYS_SEARCH_USER_PATHS = NO;
				CLANG_ANALYZER_NONNULL = YES;
				CLANG_ANALYZER_NUMBER_OBJECT_CONVERSION = YES_AGGRESSIVE;
				CLANG_CXX_LANGUAGE_STANDARD = "gnu++14";
				CLANG_CXX_LIBRARY = "libc++";
				CLANG_ENABLE_MODULES = YES;
				CLANG_ENABLE_OBJC_ARC = YES;
				CLANG_ENABLE_OBJC_WEAK = YES;
				CLANG_WARN_BLOCK_CAPTURE_AUTORELEASING = YES;
				CLANG_WARN_BOOL_CONVERSION = YES;
				CLANG_WARN_COMMA = YES;
				CLANG_WARN_CONSTANT_CONVERSION = YES;
				CLANG_WARN_DEPRECATED_OBJC_IMPLEMENTATIONS = YES;
				CLANG_WARN_DIRECT_OBJC_ISA_USAGE = YES_ERROR;
				CLANG_WARN_DOCUMENTATION_COMMENTS = YES;
				CLANG_WARN_EMPTY_BODY = YES;
				CLANG_WARN_ENUM_CONVERSION = YES;
				CLANG_WARN_INFINITE_RECURSION = YES;
				CLANG_WARN_INT_CONVERSION = YES;
				CLANG_WARN_NON_LITERAL_NULL_CONVERSION = YES;
				CLANG_WARN_OBJC_IMPLICIT_RETAIN_SELF = YES;
				CLANG_WARN_OBJC_LITERAL_CONVERSION = YES;
				CLANG_WARN_OBJC_ROOT_CLASS = YES_ERROR;
				CLANG_WARN_RANGE_LOOP_ANALYSIS = YES;
				CLANG_WARN_STRICT_PROTOTYPES = YES;
				CLANG_WARN_SUSPICIOUS_MOVE = YES;
				CLANG_WARN_UNGUARDED_AVAILABILITY = YES_AGGRESSIVE;
				CLANG_WARN_UNREACHABLE_CODE = YES;
				CLANG_WARN__DUPLICATE_METHOD_MATCH = YES;
				COPY_PHASE_STRIP = NO;
				DEBUG_INFORMATION_FORMAT = "dwarf-with-dsym";
				ENABLE_NS_ASSERTIONS = NO;
				ENABLE_STRICT_OBJC_MSGSEND = YES;
				GCC_C_LANGUAGE_STANDARD = gnu11;
				GCC_NO_COMMON_BLOCKS = YES;
				GCC_WARN_64_TO_32_BIT_CONVERSION = YES;
				GCC_WARN_ABOUT_RETURN_TYPE = YES_ERROR;
				GCC_WARN_UNDECLARED_SELECTOR = YES;
				GCC_WARN_UNINITIALIZED_AUTOS = YES_AGGRESSIVE;
				GCC_WARN_UNUSED_FUNCTION = YES;
				GCC_WARN_UNUSED_VARIABLE = YES;
				MACOSX_DEPLOYMENT_TARGET = 10.14;
				MTL_ENABLE_DEBUG_INFO = NO;
				MTL_FAST_MATH = YES;
				SDKROOT = macosx;
				SWIFT_COMPILATION_MODE = wholemodule;
				SWIFT_OPTIMIZATION_LEVEL = "-O";
			};
			name = Release;
		};
		4ACAFCA924B01FD900B53925 /* Debug */ = {
			isa = XCBuildConfiguration;
			buildSettings = {
				ASSETCATALOG_COMPILER_APPICON_NAME = AppIcon;
				CODE_SIGN_ENTITLEMENTS = MacLandmarks/MacLandmarks.entitlements;
				CODE_SIGN_STYLE = Automatic;
				COMBINE_HIDPI_IMAGES = YES;
				DEVELOPMENT_ASSET_PATHS = "\"MacLandmarks/Preview Content\"";
				ENABLE_PREVIEWS = YES;
				INFOPLIST_FILE = MacLandmarks/Info.plist;
				LD_RUNPATH_SEARCH_PATHS = (
					"$(inherited)",
					"@executable_path/../Frameworks",
				);
				MACOSX_DEPLOYMENT_TARGET = 10.15;
				PRODUCT_BUNDLE_IDENTIFIER = com.example.MacLandmarks;
				PRODUCT_NAME = "$(TARGET_NAME)";
				SWIFT_VERSION = 5.0;
			};
			name = Debug;
		};
		4ACAFCAA24B01FD900B53925 /* Release */ = {
			isa = XCBuildConfiguration;
			buildSettings = {
				ASSETCATALOG_COMPILER_APPICON_NAME = AppIcon;
				CODE_SIGN_ENTITLEMENTS = MacLandmarks/MacLandmarks.entitlements;
				CODE_SIGN_STYLE = Automatic;
				COMBINE_HIDPI_IMAGES = YES;
				DEVELOPMENT_ASSET_PATHS = "\"MacLandmarks/Preview Content\"";
				ENABLE_PREVIEWS = YES;
				INFOPLIST_FILE = MacLandmarks/Info.plist;
				LD_RUNPATH_SEARCH_PATHS = (
					"$(inherited)",
					"@executable_path/../Frameworks",
				);
				MACOSX_DEPLOYMENT_TARGET = 10.15;
				PRODUCT_BUNDLE_IDENTIFIER = com.example.MacLandmarks;
				PRODUCT_NAME = "$(TARGET_NAME)";
				SWIFT_VERSION = 5.0;
			};
			name = Release;
		};
		4ACAFCAC24B01FD900B53925 /* Debug */ = {
			isa = XCBuildConfiguration;
			buildSettings = {
				ALWAYS_EMBED_SWIFT_STANDARD_LIBRARIES = YES;
				BUNDLE_LOADER = "$(TEST_HOST)";
				CODE_SIGN_STYLE = Automatic;
				COMBINE_HIDPI_IMAGES = YES;
				INFOPLIST_FILE = MacLandmarksTests/Info.plist;
				LD_RUNPATH_SEARCH_PATHS = (
					"$(inherited)",
					"@executable_path/../Frameworks",
					"@loader_path/../Frameworks",
				);
				MACOSX_DEPLOYMENT_TARGET = 10.15;
				PRODUCT_BUNDLE_IDENTIFIER = com.example.MacLandmarksTests;
				PRODUCT_NAME = "$(TARGET_NAME)";
				SWIFT_VERSION = 5.0;
				TEST_HOST = "$(BUILT_PRODUCTS_DIR)/MacLandmarks.app/Contents/MacOS/MacLandmarks";
			};
			name = Debug;
		};
		4ACAFCAD24B01FD900B53925 /* Release */ = {
			isa = XCBuildConfiguration;
			buildSettings = {
				ALWAYS_EMBED_SWIFT_STANDARD_LIBRARIES = YES;
				BUNDLE_LOADER = "$(TEST_HOST)";
				CODE_SIGN_STYLE = Automatic;
				COMBINE_HIDPI_IMAGES = YES;
				INFOPLIST_FILE = MacLandmarksTests/Info.plist;
				LD_RUNPATH_SEARCH_PATHS = (
					"$(inherited)",
					"@executable_path/../Frameworks",
					"@loader_path/../Frameworks",
				);
				MACOSX_DEPLOYMENT_TARGET = 10.15;
				PRODUCT_BUNDLE_IDENTIFIER = com.example.MacLandmarksTests;
				PRODUCT_NAME = "$(TARGET_NAME)";
				SWIFT_VERSION = 5.0;
				TEST_HOST = "$(BUILT_PRODUCTS_DIR)/MacLandmarks.app/Contents/MacOS/MacLandmarks";
			};
			name = Release;
		};
		4ACAFCAF24B01FD900B53925 /* Debug */ = {
			isa = XCBuildConfiguration;
			buildSettings = {
				ALWAYS_EMBED_SWIFT_STANDARD_LIBRARIES = YES;
				CODE_SIGN_STYLE = Automatic;
				COMBINE_HIDPI_IMAGES = YES;
				INFOPLIST_FILE = MacLandmarksUITests/Info.plist;
				LD_RUNPATH_SEARCH_PATHS = (
					"$(inherited)",
					"@executable_path/../Frameworks",
					"@loader_path/../Frameworks",
				);
				PRODUCT_BUNDLE_IDENTIFIER = com.example.MacLandmarksUITests;
				PRODUCT_NAME = "$(TARGET_NAME)";
				SWIFT_VERSION = 5.0;
				TEST_TARGET_NAME = MacLandmarks;
			};
			name = Debug;
		};
		4ACAFCB024B01FD900B53925 /* Release */ = {
			isa = XCBuildConfiguration;
			buildSettings = {
				ALWAYS_EMBED_SWIFT_STANDARD_LIBRARIES = YES;
				CODE_SIGN_STYLE = Automatic;
				COMBINE_HIDPI_IMAGES = YES;
				INFOPLIST_FILE = MacLandmarksUITests/Info.plist;
				LD_RUNPATH_SEARCH_PATHS = (
					"$(inherited)",
					"@executable_path/../Frameworks",
					"@loader_path/../Frameworks",
				);
				PRODUCT_BUNDLE_IDENTIFIER = com.example.MacLandmarksUITests;
				PRODUCT_NAME = "$(TARGET_NAME)";
				SWIFT_VERSION = 5.0;
				TEST_TARGET_NAME = MacLandmarks;
			};
			name = Release;
		};
/* End XCBuildConfiguration section */

/* Begin XCConfigurationList section */
		4ACAFC7A24B01FD800B53925 /* Build configuration list for PBXProject "MacLandmarks" */ = {
			isa = XCConfigurationList;
			buildConfigurations = (
				4ACAFCA624B01FD900B53925 /* Debug */,
				4ACAFCA724B01FD900B53925 /* Release */,
			);
			defaultConfigurationIsVisible = 0;
			defaultConfigurationName = Release;
		};
		4ACAFCA824B01FD900B53925 /* Build configuration list for PBXNativeTarget "MacLandmarks" */ = {
			isa = XCConfigurationList;
			buildConfigurations = (
				4ACAFCA924B01FD900B53925 /* Debug */,
				4ACAFCAA24B01FD900B53925 /* Release */,
			);
			defaultConfigurationIsVisible = 0;
			defaultConfigurationName = Release;
		};
		4ACAFCAB24B01FD900B53925 /* Build configuration list for PBXNativeTarget "MacLandmarksTests" */ = {
			isa = XCConfigurationList;
			buildConfigurations = (
				4ACAFCAC24B01FD900B53925 /* Debug */,
				4ACAFCAD24B01FD900B53925 /* Release */,
			);
			defaultConfigurationIsVisible = 0;
			defaultConfigurationName = Release;
		};
		4ACAFCAE24B01FD900B53925 /* Build configuration list for PBXNativeTarget "MacLandmarksUITests" */ = {
			isa = XCConfigurationList;
			buildConfigurations = (
				4ACAFCAF24B01FD900B53925 /* Debug */,
				4ACAFCB024B01FD900B53925 /* Release */,
			);
			defaultConfigurationIsVisible = 0;
			defaultConfigurationName = Release;
		};
/* End XCConfigurationList section */
	};
	rootObject = 4ACAFC7724B01FD800B53925 /* Project object */;
}
